
Microsoft Visual Studio Solution File, Format Version 12.00
# Visual Studio 15
VisualStudioVersion = 15.0.27004.2006
MinimumVisualStudioVersion = 10.0.40219.1
Project("{FAE04EC0-301F-11D3-BF4B-00C04F79EFBC}") = "ScrumNUVegas", "ScrumNUVegas\ScrumNUVegas.csproj", "{BC1290E6-9CE0-4E1A-B081-2004F78983EB}"
EndProject
Project("{FAE04EC0-301F-11D3-BF4B-00C04F79EFBC}") = "GameHub", "GameHub\GameHub.csproj", "{C8378A42-46E8-4ADC-94AD-21A2B7BF4140}"
EndProject
Project("{FAE04EC0-301F-11D3-BF4B-00C04F79EFBC}") = "GoFish", "GoFish\GoFish.csproj", "{E449B296-FE98-4FA5-9C5C-D117AA72E5B8}"
EndProject
Global
	GlobalSection(SolutionConfigurationPlatforms) = preSolution
		Debug|Any CPU = Debug|Any CPU
		Release|Any CPU = Release|Any CPU
	EndGlobalSection
	GlobalSection(ProjectConfigurationPlatforms) = postSolution
		{BC1290E6-9CE0-4E1A-B081-2004F78983EB}.Debug|Any CPU.ActiveCfg = Debug|Any CPU
		{BC1290E6-9CE0-4E1A-B081-2004F78983EB}.Debug|Any CPU.Build.0 = Debug|Any CPU
		{BC1290E6-9CE0-4E1A-B081-2004F78983EB}.Release|Any CPU.ActiveCfg = Release|Any CPU
		{BC1290E6-9CE0-4E1A-B081-2004F78983EB}.Release|Any CPU.Build.0 = Release|Any CPU
		{C8378A42-46E8-4ADC-94AD-21A2B7BF4140}.Debug|Any CPU.ActiveCfg = Debug|Any CPU
		{C8378A42-46E8-4ADC-94AD-21A2B7BF4140}.Debug|Any CPU.Build.0 = Debug|Any CPU
		{C8378A42-46E8-4ADC-94AD-21A2B7BF4140}.Release|Any CPU.ActiveCfg = Release|Any CPU
		{C8378A42-46E8-4ADC-94AD-21A2B7BF4140}.Release|Any CPU.Build.0 = Release|Any CPU
		{E449B296-FE98-4FA5-9C5C-D117AA72E5B8}.Debug|Any CPU.ActiveCfg = Debug|Any CPU
		{E449B296-FE98-4FA5-9C5C-D117AA72E5B8}.Debug|Any CPU.Build.0 = Debug|Any CPU
		{E449B296-FE98-4FA5-9C5C-D117AA72E5B8}.Release|Any CPU.ActiveCfg = Release|Any CPU
		{E449B296-FE98-4FA5-9C5C-D117AA72E5B8}.Release|Any CPU.Build.0 = Release|Any CPU
	EndGlobalSection
	GlobalSection(SolutionProperties) = preSolution
		HideSolutionNode = FALSE
	EndGlobalSection
	GlobalSection(ExtensibilityGlobals) = postSolution
		SolutionGuid = {DCA2F6AB-96AA-461D-9F8B-E9E5C016216C}
	EndGlobalSection
EndGlobal
